
Microsoft Visual Studio Solution File, Format Version 12.00
# Visual Studio Version 16
VisualStudioVersion = 16.0.31129.286
MinimumVisualStudioVersion = 10.0.40219.1
Project("{9A19103F-16F7-4668-BE54-9A1E7A4F7556}") = "Server", "Server\Server.csproj", "{9ABAE5E7-FEFC-468F-9D98-45C3A90FAA82}"
EndProject
Project("{9A19103F-16F7-4668-BE54-9A1E7A4F7556}") = "Initiator", "Initiator\Initiator.csproj", "{63737BF2-799E-45D2-ADC2-E4234AA22A71}"
EndProject
Global
	GlobalSection(SolutionConfigurationPlatforms) = preSolution
		Debug|Any CPU = Debug|Any CPU
		Release|Any CPU = Release|Any CPU
	EndGlobalSection
	GlobalSection(ProjectConfigurationPlatforms) = postSolution
		{9ABAE5E7-FEFC-468F-9D98-45C3A90FAA82}.Debug|Any CPU.ActiveCfg = Debug|Any CPU
		{9ABAE5E7-FEFC-468F-9D98-45C3A90FAA82}.Debug|Any CPU.Build.0 = Debug|Any CPU
		{9ABAE5E7-FEFC-468F-9D98-45C3A90FAA82}.Release|Any CPU.ActiveCfg = Release|Any CPU
		{9ABAE5E7-FEFC-468F-9D98-45C3A90FAA82}.Release|Any CPU.Build.0 = Release|Any CPU
		{63737BF2-799E-45D2-ADC2-E4234AA22A71}.Debug|Any CPU.ActiveCfg = Debug|Any CPU
		{63737BF2-799E-45D2-ADC2-E4234AA22A71}.Debug|Any CPU.Build.0 = Debug|Any CPU
		{63737BF2-799E-45D2-ADC2-E4234AA22A71}.Release|Any CPU.ActiveCfg = Release|Any CPU
		{63737BF2-799E-45D2-ADC2-E4234AA22A71}.Release|Any CPU.Build.0 = Release|Any CPU
	EndGlobalSection
	GlobalSection(SolutionProperties) = preSolution
		HideSolutionNode = FALSE
	EndGlobalSection
	GlobalSection(ExtensibilityGlobals) = postSolution
		SolutionGuid = {69286D11-D7D4-4093-B803-3C7C3FF891B5}
	EndGlobalSection
EndGlobal
